// !$*UTF8*$!
{
	archiveVersion = 1;
	classes = {
	};
	objectVersion = 50;
	objects = {

/* Begin PBXBuildFile section */
		CE8BB14E26516E91007E399C /* BuilderTests.swift in Sources */ = {isa = PBXBuildFile; fileRef = CE8BB14D26516E91007E399C /* BuilderTests.swift */; };
		CE8BB15A26516FCF007E399C /* Builder.swift in Sources */ = {isa = PBXBuildFile; fileRef = CE8BB15926516FCF007E399C /* Builder.swift */; };
		CE8BB1602651708C007E399C /* Director.swift in Sources */ = {isa = PBXBuildFile; fileRef = CE8BB15F2651708C007E399C /* Director.swift */; };
		CE8BB1642651F2CA007E399C /* TextBuilder.swift in Sources */ = {isa = PBXBuildFile; fileRef = CE8BB1632651F2CA007E399C /* TextBuilder.swift */; };
		CE8BB1682651F4BE007E399C /* HTMLBuilder.swift in Sources */ = {isa = PBXBuildFile; fileRef = CE8BB1672651F4BE007E399C /* HTMLBuilder.swift */; };
		CE961B462642CAAC00D54F2F /* TemplateMethodTests.swift in Sources */ = {isa = PBXBuildFile; fileRef = CE961B452642CAAC00D54F2F /* TemplateMethodTests.swift */; };
		CE961B4D2642D07800D54F2F /* AbstractDisplay.swift in Sources */ = {isa = PBXBuildFile; fileRef = CE961B4C2642D07800D54F2F /* AbstractDisplay.swift */; };
		CE961B512642D31600D54F2F /* CharDisplay.swift in Sources */ = {isa = PBXBuildFile; fileRef = CE961B502642D31600D54F2F /* CharDisplay.swift */; };
		CE961B552642D3E500D54F2F /* StringDisplay.swift in Sources */ = {isa = PBXBuildFile; fileRef = CE961B542642D3E500D54F2F /* StringDisplay.swift */; };
		CEC7FE2B263F0E3400616CD8 /* AppDelegate.swift in Sources */ = {isa = PBXBuildFile; fileRef = CEC7FE2A263F0E3400616CD8 /* AppDelegate.swift */; };
		CEC7FE2D263F0E3400616CD8 /* SceneDelegate.swift in Sources */ = {isa = PBXBuildFile; fileRef = CEC7FE2C263F0E3400616CD8 /* SceneDelegate.swift */; };
		CEC7FE2F263F0E3400616CD8 /* ViewController.swift in Sources */ = {isa = PBXBuildFile; fileRef = CEC7FE2E263F0E3400616CD8 /* ViewController.swift */; };
		CEC7FE32263F0E3400616CD8 /* Main.storyboard in Resources */ = {isa = PBXBuildFile; fileRef = CEC7FE30263F0E3400616CD8 /* Main.storyboard */; };
		CEC7FE34263F0E3500616CD8 /* Assets.xcassets in Resources */ = {isa = PBXBuildFile; fileRef = CEC7FE33263F0E3500616CD8 /* Assets.xcassets */; };
		CEC7FE37263F0E3500616CD8 /* LaunchScreen.storyboard in Resources */ = {isa = PBXBuildFile; fileRef = CEC7FE35263F0E3500616CD8 /* LaunchScreen.storyboard */; };
		CEC7FE42263F0E3500616CD8 /* IteratorTests.swift in Sources */ = {isa = PBXBuildFile; fileRef = CEC7FE41263F0E3500616CD8 /* IteratorTests.swift */; };
		CEC7FE70263F12B300616CD8 /* BookShelf.swift in Sources */ = {isa = PBXBuildFile; fileRef = CEC7FE6F263F12B300616CD8 /* BookShelf.swift */; };
		CEC7FE76263F139E00616CD8 /* Iterator.swift in Sources */ = {isa = PBXBuildFile; fileRef = CEC7FE75263F139E00616CD8 /* Iterator.swift */; };
		CEC7FE7A263F146700616CD8 /* Aggregate.swift in Sources */ = {isa = PBXBuildFile; fileRef = CEC7FE79263F146700616CD8 /* Aggregate.swift */; };
		CEC7FE7E263F16B700616CD8 /* Book.swift in Sources */ = {isa = PBXBuildFile; fileRef = CEC7FE7D263F16B700616CD8 /* Book.swift */; };
		CEC7FE82263F170100616CD8 /* BookShelfIterator.swift in Sources */ = {isa = PBXBuildFile; fileRef = CEC7FE81263F170100616CD8 /* BookShelfIterator.swift */; };
/* End PBXBuildFile section */

/* Begin PBXContainerItemProxy section */
		CEC7FE3E263F0E3500616CD8 /* PBXContainerItemProxy */ = {
			isa = PBXContainerItemProxy;
			containerPortal = CEC7FE1F263F0E3400616CD8 /* Project object */;
			proxyType = 1;
			remoteGlobalIDString = CEC7FE26263F0E3400616CD8;
			remoteInfo = DesignPattern;
		};
/* End PBXContainerItemProxy section */

/* Begin PBXFileReference section */
		CE8BB14D26516E91007E399C /* BuilderTests.swift */ = {isa = PBXFileReference; lastKnownFileType = sourcecode.swift; path = BuilderTests.swift; sourceTree = "<group>"; };
		CE8BB15926516FCF007E399C /* Builder.swift */ = {isa = PBXFileReference; lastKnownFileType = sourcecode.swift; path = Builder.swift; sourceTree = "<group>"; };
		CE8BB15F2651708C007E399C /* Director.swift */ = {isa = PBXFileReference; lastKnownFileType = sourcecode.swift; path = Director.swift; sourceTree = "<group>"; };
		CE8BB1632651F2CA007E399C /* TextBuilder.swift */ = {isa = PBXFileReference; lastKnownFileType = sourcecode.swift; path = TextBuilder.swift; sourceTree = "<group>"; };
		CE8BB1672651F4BE007E399C /* HTMLBuilder.swift */ = {isa = PBXFileReference; lastKnownFileType = sourcecode.swift; path = HTMLBuilder.swift; sourceTree = "<group>"; };
		CE961B452642CAAC00D54F2F /* TemplateMethodTests.swift */ = {isa = PBXFileReference; lastKnownFileType = sourcecode.swift; path = TemplateMethodTests.swift; sourceTree = "<group>"; };
		CE961B4C2642D07800D54F2F /* AbstractDisplay.swift */ = {isa = PBXFileReference; lastKnownFileType = sourcecode.swift; path = AbstractDisplay.swift; sourceTree = "<group>"; };
		CE961B502642D31600D54F2F /* CharDisplay.swift */ = {isa = PBXFileReference; lastKnownFileType = sourcecode.swift; path = CharDisplay.swift; sourceTree = "<group>"; };
		CE961B542642D3E500D54F2F /* StringDisplay.swift */ = {isa = PBXFileReference; lastKnownFileType = sourcecode.swift; path = StringDisplay.swift; sourceTree = "<group>"; };
		CEC7FE27263F0E3400616CD8 /* DesignPattern.app */ = {isa = PBXFileReference; explicitFileType = wrapper.application; includeInIndex = 0; path = DesignPattern.app; sourceTree = BUILT_PRODUCTS_DIR; };
		CEC7FE2A263F0E3400616CD8 /* AppDelegate.swift */ = {isa = PBXFileReference; lastKnownFileType = sourcecode.swift; path = AppDelegate.swift; sourceTree = "<group>"; };
		CEC7FE2C263F0E3400616CD8 /* SceneDelegate.swift */ = {isa = PBXFileReference; lastKnownFileType = sourcecode.swift; path = SceneDelegate.swift; sourceTree = "<group>"; };
		CEC7FE2E263F0E3400616CD8 /* ViewController.swift */ = {isa = PBXFileReference; lastKnownFileType = sourcecode.swift; path = ViewController.swift; sourceTree = "<group>"; };
		CEC7FE31263F0E3400616CD8 /* Base */ = {isa = PBXFileReference; lastKnownFileType = file.storyboard; name = Base; path = Base.lproj/Main.storyboard; sourceTree = "<group>"; };
		CEC7FE33263F0E3500616CD8 /* Assets.xcassets */ = {isa = PBXFileReference; lastKnownFileType = folder.assetcatalog; path = Assets.xcassets; sourceTree = "<group>"; };
		CEC7FE36263F0E3500616CD8 /* Base */ = {isa = PBXFileReference; lastKnownFileType = file.storyboard; name = Base; path = Base.lproj/LaunchScreen.storyboard; sourceTree = "<group>"; };
		CEC7FE38263F0E3500616CD8 /* Info.plist */ = {isa = PBXFileReference; lastKnownFileType = text.plist.xml; path = Info.plist; sourceTree = "<group>"; };
		CEC7FE3D263F0E3500616CD8 /* DesignPatternTests.xctest */ = {isa = PBXFileReference; explicitFileType = wrapper.cfbundle; includeInIndex = 0; path = DesignPatternTests.xctest; sourceTree = BUILT_PRODUCTS_DIR; };
		CEC7FE41263F0E3500616CD8 /* IteratorTests.swift */ = {isa = PBXFileReference; lastKnownFileType = sourcecode.swift; path = IteratorTests.swift; sourceTree = "<group>"; };
		CEC7FE43263F0E3500616CD8 /* Info.plist */ = {isa = PBXFileReference; lastKnownFileType = text.plist.xml; path = Info.plist; sourceTree = "<group>"; };
		CEC7FE6F263F12B300616CD8 /* BookShelf.swift */ = {isa = PBXFileReference; lastKnownFileType = sourcecode.swift; path = BookShelf.swift; sourceTree = "<group>"; };
		CEC7FE75263F139E00616CD8 /* Iterator.swift */ = {isa = PBXFileReference; lastKnownFileType = sourcecode.swift; path = Iterator.swift; sourceTree = "<group>"; };
		CEC7FE79263F146700616CD8 /* Aggregate.swift */ = {isa = PBXFileReference; lastKnownFileType = sourcecode.swift; path = Aggregate.swift; sourceTree = "<group>"; };
		CEC7FE7D263F16B700616CD8 /* Book.swift */ = {isa = PBXFileReference; lastKnownFileType = sourcecode.swift; path = Book.swift; sourceTree = "<group>"; };
		CEC7FE81263F170100616CD8 /* BookShelfIterator.swift */ = {isa = PBXFileReference; lastKnownFileType = sourcecode.swift; path = BookShelfIterator.swift; sourceTree = "<group>"; };
/* End PBXFileReference section */

/* Begin PBXFrameworksBuildPhase section */
		CEC7FE24263F0E3400616CD8 /* Frameworks */ = {
			isa = PBXFrameworksBuildPhase;
			buildActionMask = 2147483647;
			files = (
			);
			runOnlyForDeploymentPostprocessing = 0;
		};
		CEC7FE3A263F0E3500616CD8 /* Frameworks */ = {
			isa = PBXFrameworksBuildPhase;
			buildActionMask = 2147483647;
			files = (
			);
			runOnlyForDeploymentPostprocessing = 0;
		};
/* End PBXFrameworksBuildPhase section */

/* Begin PBXGroup section */
		CE8BB14626516E6E007E399C /* Builder */ = {
			isa = PBXGroup;
			children = (
				CE8BB15926516FCF007E399C /* Builder.swift */,
				CE8BB1632651F2CA007E399C /* TextBuilder.swift */,
				CE8BB1672651F4BE007E399C /* HTMLBuilder.swift */,
				CE8BB15F2651708C007E399C /* Director.swift */,
			);
			path = Builder;
			sourceTree = "<group>";
		};
		CE8BB14C26516E80007E399C /* Builder */ = {
			isa = PBXGroup;
			children = (
				CE8BB14D26516E91007E399C /* BuilderTests.swift */,
			);
			path = Builder;
			sourceTree = "<group>";
		};
		CE961B492642CB0100D54F2F /* TemplateMethod */ = {
			isa = PBXGroup;
			children = (
				CE961B4C2642D07800D54F2F /* AbstractDisplay.swift */,
				CE961B502642D31600D54F2F /* CharDisplay.swift */,
				CE961B542642D3E500D54F2F /* StringDisplay.swift */,
			);
			path = TemplateMethod;
			sourceTree = "<group>";
		};
		CEC7FE1E263F0E3400616CD8 = {
			isa = PBXGroup;
			children = (
				CEC7FE29263F0E3400616CD8 /* DesignPattern */,
				CEC7FE40263F0E3500616CD8 /* DesignPatternTests */,
				CEC7FE28263F0E3400616CD8 /* Products */,
			);
			sourceTree = "<group>";
		};
		CEC7FE28263F0E3400616CD8 /* Products */ = {
			isa = PBXGroup;
			children = (
				CEC7FE27263F0E3400616CD8 /* DesignPattern.app */,
				CEC7FE3D263F0E3500616CD8 /* DesignPatternTests.xctest */,
			);
			name = Products;
			sourceTree = "<group>";
		};
		CEC7FE29263F0E3400616CD8 /* DesignPattern */ = {
			isa = PBXGroup;
			children = (
				CE8BB14626516E6E007E399C /* Builder */,
				CEC7FE5D263F0E3F00616CD8 /* Iterator */,
				CE961B492642CB0100D54F2F /* TemplateMethod */,
				CEC7FE2A263F0E3400616CD8 /* AppDelegate.swift */,
				CEC7FE2C263F0E3400616CD8 /* SceneDelegate.swift */,
				CEC7FE2E263F0E3400616CD8 /* ViewController.swift */,
				CEC7FE30263F0E3400616CD8 /* Main.storyboard */,
				CEC7FE33263F0E3500616CD8 /* Assets.xcassets */,
				CEC7FE35263F0E3500616CD8 /* LaunchScreen.storyboard */,
				CEC7FE38263F0E3500616CD8 /* Info.plist */,
			);
			path = DesignPattern;
			sourceTree = "<group>";
		};
		CEC7FE40263F0E3500616CD8 /* DesignPatternTests */ = {
			isa = PBXGroup;
			children = (
				CE8BB14C26516E80007E399C /* Builder */,
				CEC7FE41263F0E3500616CD8 /* IteratorTests.swift */,
				CE961B452642CAAC00D54F2F /* TemplateMethodTests.swift */,
				CEC7FE43263F0E3500616CD8 /* Info.plist */,
			);
			path = DesignPatternTests;
			sourceTree = "<group>";
		};
		CEC7FE5D263F0E3F00616CD8 /* Iterator */ = {
			isa = PBXGroup;
			children = (
				CEC7FE7D263F16B700616CD8 /* Book.swift */,
				CEC7FE6F263F12B300616CD8 /* BookShelf.swift */,
				CEC7FE81263F170100616CD8 /* BookShelfIterator.swift */,
				CEC7FE79263F146700616CD8 /* Aggregate.swift */,
				CEC7FE75263F139E00616CD8 /* Iterator.swift */,
			);
			path = Iterator;
			sourceTree = "<group>";
		};
/* End PBXGroup section */

/* Begin PBXNativeTarget section */
		CEC7FE26263F0E3400616CD8 /* DesignPattern */ = {
			isa = PBXNativeTarget;
			buildConfigurationList = CEC7FE51263F0E3500616CD8 /* Build configuration list for PBXNativeTarget "DesignPattern" */;
			buildPhases = (
				CEC7FE23263F0E3400616CD8 /* Sources */,
				CEC7FE24263F0E3400616CD8 /* Frameworks */,
				CEC7FE25263F0E3400616CD8 /* Resources */,
			);
			buildRules = (
			);
			dependencies = (
			);
			name = DesignPattern;
			productName = DesignPattern;
			productReference = CEC7FE27263F0E3400616CD8 /* DesignPattern.app */;
			productType = "com.apple.product-type.application";
		};
		CEC7FE3C263F0E3500616CD8 /* DesignPatternTests */ = {
			isa = PBXNativeTarget;
			buildConfigurationList = CEC7FE54263F0E3500616CD8 /* Build configuration list for PBXNativeTarget "DesignPatternTests" */;
			buildPhases = (
				CEC7FE39263F0E3500616CD8 /* Sources */,
				CEC7FE3A263F0E3500616CD8 /* Frameworks */,
				CEC7FE3B263F0E3500616CD8 /* Resources */,
			);
			buildRules = (
			);
			dependencies = (
				CEC7FE3F263F0E3500616CD8 /* PBXTargetDependency */,
			);
			name = DesignPatternTests;
			productName = DesignPatternTests;
			productReference = CEC7FE3D263F0E3500616CD8 /* DesignPatternTests.xctest */;
			productType = "com.apple.product-type.bundle.unit-test";
		};
/* End PBXNativeTarget section */

/* Begin PBXProject section */
		CEC7FE1F263F0E3400616CD8 /* Project object */ = {
			isa = PBXProject;
			attributes = {
				LastSwiftUpdateCheck = 1240;
				LastUpgradeCheck = 1240;
				TargetAttributes = {
					CEC7FE26263F0E3400616CD8 = {
						CreatedOnToolsVersion = 12.4;
					};
					CEC7FE3C263F0E3500616CD8 = {
						CreatedOnToolsVersion = 12.4;
						TestTargetID = CEC7FE26263F0E3400616CD8;
					};
				};
			};
			buildConfigurationList = CEC7FE22263F0E3400616CD8 /* Build configuration list for PBXProject "DesignPattern" */;
			compatibilityVersion = "Xcode 9.3";
			developmentRegion = en;
			hasScannedForEncodings = 0;
			knownRegions = (
				en,
				Base,
			);
			mainGroup = CEC7FE1E263F0E3400616CD8;
			productRefGroup = CEC7FE28263F0E3400616CD8 /* Products */;
			projectDirPath = "";
			projectRoot = "";
			targets = (
				CEC7FE26263F0E3400616CD8 /* DesignPattern */,
				CEC7FE3C263F0E3500616CD8 /* DesignPatternTests */,
			);
		};
/* End PBXProject section */

/* Begin PBXResourcesBuildPhase section */
		CEC7FE25263F0E3400616CD8 /* Resources */ = {
			isa = PBXResourcesBuildPhase;
			buildActionMask = 2147483647;
			files = (
				CEC7FE37263F0E3500616CD8 /* LaunchScreen.storyboard in Resources */,
				CEC7FE34263F0E3500616CD8 /* Assets.xcassets in Resources */,
				CEC7FE32263F0E3400616CD8 /* Main.storyboard in Resources */,
			);
			runOnlyForDeploymentPostprocessing = 0;
		};
		CEC7FE3B263F0E3500616CD8 /* Resources */ = {
			isa = PBXResourcesBuildPhase;
			buildActionMask = 2147483647;
			files = (
			);
			runOnlyForDeploymentPostprocessing = 0;
		};
/* End PBXResourcesBuildPhase section */

/* Begin PBXSourcesBuildPhase section */
		CEC7FE23263F0E3400616CD8 /* Sources */ = {
			isa = PBXSourcesBuildPhase;
			buildActionMask = 2147483647;
			files = (
				CE8BB1682651F4BE007E399C /* HTMLBuilder.swift in Sources */,
				CE8BB1642651F2CA007E399C /* TextBuilder.swift in Sources */,
				CE8BB1602651708C007E399C /* Director.swift in Sources */,
				CEC7FE2F263F0E3400616CD8 /* ViewController.swift in Sources */,
				CEC7FE82263F170100616CD8 /* BookShelfIterator.swift in Sources */,
				CEC7FE2B263F0E3400616CD8 /* AppDelegate.swift in Sources */,
				CEC7FE7E263F16B700616CD8 /* Book.swift in Sources */,
				CE961B552642D3E500D54F2F /* StringDisplay.swift in Sources */,
				CEC7FE2D263F0E3400616CD8 /* SceneDelegate.swift in Sources */,
				CEC7FE76263F139E00616CD8 /* Iterator.swift in Sources */,
				CEC7FE70263F12B300616CD8 /* BookShelf.swift in Sources */,
				CE961B4D2642D07800D54F2F /* AbstractDisplay.swift in Sources */,
				CE961B512642D31600D54F2F /* CharDisplay.swift in Sources */,
				CEC7FE7A263F146700616CD8 /* Aggregate.swift in Sources */,
				CE8BB15A26516FCF007E399C /* Builder.swift in Sources */,
			);
			runOnlyForDeploymentPostprocessing = 0;
		};
		CEC7FE39263F0E3500616CD8 /* Sources */ = {
			isa = PBXSourcesBuildPhase;
			buildActionMask = 2147483647;
			files = (
				CE961B462642CAAC00D54F2F /* TemplateMethodTests.swift in Sources */,
				CE8BB14E26516E91007E399C /* BuilderTests.swift in Sources */,
				CEC7FE42263F0E3500616CD8 /* IteratorTests.swift in Sources */,
			);
			runOnlyForDeploymentPostprocessing = 0;
		};
/* End PBXSourcesBuildPhase section */

/* Begin PBXTargetDependency section */
		CEC7FE3F263F0E3500616CD8 /* PBXTargetDependency */ = {
			isa = PBXTargetDependency;
			target = CEC7FE26263F0E3400616CD8 /* DesignPattern */;
			targetProxy = CEC7FE3E263F0E3500616CD8 /* PBXContainerItemProxy */;
		};
/* End PBXTargetDependency section */

/* Begin PBXVariantGroup section */
		CEC7FE30263F0E3400616CD8 /* Main.storyboard */ = {
			isa = PBXVariantGroup;
			children = (
				CEC7FE31263F0E3400616CD8 /* Base */,
			);
			name = Main.storyboard;
			sourceTree = "<group>";
		};
		CEC7FE35263F0E3500616CD8 /* LaunchScreen.storyboard */ = {
			isa = PBXVariantGroup;
			children = (
				CEC7FE36263F0E3500616CD8 /* Base */,
			);
			name = LaunchScreen.storyboard;
			sourceTree = "<group>";
		};
/* End PBXVariantGroup section */

/* Begin XCBuildConfiguration section */
		CEC7FE4F263F0E3500616CD8 /* Debug */ = {
			isa = XCBuildConfiguration;
			buildSettings = {
				ALWAYS_SEARCH_USER_PATHS = NO;
				CLANG_ANALYZER_NONNULL = YES;
				CLANG_ANALYZER_NUMBER_OBJECT_CONVERSION = YES_AGGRESSIVE;
				CLANG_CXX_LANGUAGE_STANDARD = "gnu++14";
				CLANG_CXX_LIBRARY = "libc++";
				CLANG_ENABLE_MODULES = YES;
				CLANG_ENABLE_OBJC_ARC = YES;
				CLANG_ENABLE_OBJC_WEAK = YES;
				CLANG_WARN_BLOCK_CAPTURE_AUTORELEASING = YES;
				CLANG_WARN_BOOL_CONVERSION = YES;
				CLANG_WARN_COMMA = YES;
				CLANG_WARN_CONSTANT_CONVERSION = YES;
				CLANG_WARN_DEPRECATED_OBJC_IMPLEMENTATIONS = YES;
				CLANG_WARN_DIRECT_OBJC_ISA_USAGE = YES_ERROR;
				CLANG_WARN_DOCUMENTATION_COMMENTS = YES;
				CLANG_WARN_EMPTY_BODY = YES;
				CLANG_WARN_ENUM_CONVERSION = YES;
				CLANG_WARN_INFINITE_RECURSION = YES;
				CLANG_WARN_INT_CONVERSION = YES;
				CLANG_WARN_NON_LITERAL_NULL_CONVERSION = YES;
				CLANG_WARN_OBJC_IMPLICIT_RETAIN_SELF = YES;
				CLANG_WARN_OBJC_LITERAL_CONVERSION = YES;
				CLANG_WARN_OBJC_ROOT_CLASS = YES_ERROR;
				CLANG_WARN_QUOTED_INCLUDE_IN_FRAMEWORK_HEADER = YES;
				CLANG_WARN_RANGE_LOOP_ANALYSIS = YES;
				CLANG_WARN_STRICT_PROTOTYPES = YES;
				CLANG_WARN_SUSPICIOUS_MOVE = YES;
				CLANG_WARN_UNGUARDED_AVAILABILITY = YES_AGGRESSIVE;
				CLANG_WARN_UNREACHABLE_CODE = YES;
				CLANG_WARN__DUPLICATE_METHOD_MATCH = YES;
				COPY_PHASE_STRIP = NO;
				DEBUG_INFORMATION_FORMAT = dwarf;
				ENABLE_STRICT_OBJC_MSGSEND = YES;
				ENABLE_TESTABILITY = YES;
				GCC_C_LANGUAGE_STANDARD = gnu11;
				GCC_DYNAMIC_NO_PIC = NO;
				GCC_NO_COMMON_BLOCKS = YES;
				GCC_OPTIMIZATION_LEVEL = 0;
				GCC_PREPROCESSOR_DEFINITIONS = (
					"DEBUG=1",
					"$(inherited)",
				);
				GCC_WARN_64_TO_32_BIT_CONVERSION = YES;
				GCC_WARN_ABOUT_RETURN_TYPE = YES_ERROR;
				GCC_WARN_UNDECLARED_SELECTOR = YES;
				GCC_WARN_UNINITIALIZED_AUTOS = YES_AGGRESSIVE;
				GCC_WARN_UNUSED_FUNCTION = YES;
				GCC_WARN_UNUSED_VARIABLE = YES;
				IPHONEOS_DEPLOYMENT_TARGET = 14.4;
				MTL_ENABLE_DEBUG_INFO = INCLUDE_SOURCE;
				MTL_FAST_MATH = YES;
				ONLY_ACTIVE_ARCH = YES;
				SDKROOT = iphoneos;
				SWIFT_ACTIVE_COMPILATION_CONDITIONS = DEBUG;
				SWIFT_OPTIMIZATION_LEVEL = "-Onone";
			};
			name = Debug;
		};
		CEC7FE50263F0E3500616CD8 /* Release */ = {
			isa = XCBuildConfiguration;
			buildSettings = {
				ALWAYS_SEARCH_USER_PATHS = NO;
				CLANG_ANALYZER_NONNULL = YES;
				CLANG_ANALYZER_NUMBER_OBJECT_CONVERSION = YES_AGGRESSIVE;
				CLANG_CXX_LANGUAGE_STANDARD = "gnu++14";
				CLANG_CXX_LIBRARY = "libc++";
				CLANG_ENABLE_MODULES = YES;
				CLANG_ENABLE_OBJC_ARC = YES;
				CLANG_ENABLE_OBJC_WEAK = YES;
				CLANG_WARN_BLOCK_CAPTURE_AUTORELEASING = YES;
				CLANG_WARN_BOOL_CONVERSION = YES;
				CLANG_WARN_COMMA = YES;
				CLANG_WARN_CONSTANT_CONVERSION = YES;
				CLANG_WARN_DEPRECATED_OBJC_IMPLEMENTATIONS = YES;
				CLANG_WARN_DIRECT_OBJC_ISA_USAGE = YES_ERROR;
				CLANG_WARN_DOCUMENTATION_COMMENTS = YES;
				CLANG_WARN_EMPTY_BODY = YES;
				CLANG_WARN_ENUM_CONVERSION = YES;
				CLANG_WARN_INFINITE_RECURSION = YES;
				CLANG_WARN_INT_CONVERSION = YES;
				CLANG_WARN_NON_LITERAL_NULL_CONVERSION = YES;
				CLANG_WARN_OBJC_IMPLICIT_RETAIN_SELF = YES;
				CLANG_WARN_OBJC_LITERAL_CONVERSION = YES;
				CLANG_WARN_OBJC_ROOT_CLASS = YES_ERROR;
				CLANG_WARN_QUOTED_INCLUDE_IN_FRAMEWORK_HEADER = YES;
				CLANG_WARN_RANGE_LOOP_ANALYSIS = YES;
				CLANG_WARN_STRICT_PROTOTYPES = YES;
				CLANG_WARN_SUSPICIOUS_MOVE = YES;
				CLANG_WARN_UNGUARDED_AVAILABILITY = YES_AGGRESSIVE;
				CLANG_WARN_UNREACHABLE_CODE = YES;
				CLANG_WARN__DUPLICATE_METHOD_MATCH = YES;
				COPY_PHASE_STRIP = NO;
				DEBUG_INFORMATION_FORMAT = "dwarf-with-dsym";
				ENABLE_NS_ASSERTIONS = NO;
				ENABLE_STRICT_OBJC_MSGSEND = YES;
				GCC_C_LANGUAGE_STANDARD = gnu11;
				GCC_NO_COMMON_BLOCKS = YES;
				GCC_WARN_64_TO_32_BIT_CONVERSION = YES;
				GCC_WARN_ABOUT_RETURN_TYPE = YES_ERROR;
				GCC_WARN_UNDECLARED_SELECTOR = YES;
				GCC_WARN_UNINITIALIZED_AUTOS = YES_AGGRESSIVE;
				GCC_WARN_UNUSED_FUNCTION = YES;
				GCC_WARN_UNUSED_VARIABLE = YES;
				IPHONEOS_DEPLOYMENT_TARGET = 14.4;
				MTL_ENABLE_DEBUG_INFO = NO;
				MTL_FAST_MATH = YES;
				SDKROOT = iphoneos;
				SWIFT_COMPILATION_MODE = wholemodule;
				SWIFT_OPTIMIZATION_LEVEL = "-O";
				VALIDATE_PRODUCT = YES;
			};
			name = Release;
		};
		CEC7FE52263F0E3500616CD8 /* Debug */ = {
			isa = XCBuildConfiguration;
			buildSettings = {
				ASSETCATALOG_COMPILER_APPICON_NAME = AppIcon;
				ASSETCATALOG_COMPILER_GLOBAL_ACCENT_COLOR_NAME = AccentColor;
				CODE_SIGN_STYLE = Automatic;
				DEVELOPMENT_TEAM = E53J4346HQ;
				INFOPLIST_FILE = DesignPattern/Info.plist;
				LD_RUNPATH_SEARCH_PATHS = (
					"$(inherited)",
					"@executable_path/Frameworks",
				);
				PRODUCT_BUNDLE_IDENTIFIER = com.cozzin.DesignPattern;
				PRODUCT_NAME = "$(TARGET_NAME)";
				SWIFT_VERSION = 5.0;
				TARGETED_DEVICE_FAMILY = "1,2";
			};
			name = Debug;
		};
		CEC7FE53263F0E3500616CD8 /* Release */ = {
			isa = XCBuildConfiguration;
			buildSettings = {
				ASSETCATALOG_COMPILER_APPICON_NAME = AppIcon;
				ASSETCATALOG_COMPILER_GLOBAL_ACCENT_COLOR_NAME = AccentColor;
				CODE_SIGN_STYLE = Automatic;
				DEVELOPMENT_TEAM = E53J4346HQ;
				INFOPLIST_FILE = DesignPattern/Info.plist;
				LD_RUNPATH_SEARCH_PATHS = (
					"$(inherited)",
					"@executable_path/Frameworks",
				);
				PRODUCT_BUNDLE_IDENTIFIER = com.cozzin.DesignPattern;
				PRODUCT_NAME = "$(TARGET_NAME)";
				SWIFT_VERSION = 5.0;
				TARGETED_DEVICE_FAMILY = "1,2";
			};
			name = Release;
		};
		CEC7FE55263F0E3500616CD8 /* Debug */ = {
			isa = XCBuildConfiguration;
			buildSettings = {
				ALWAYS_EMBED_SWIFT_STANDARD_LIBRARIES = YES;
				BUNDLE_LOADER = "$(TEST_HOST)";
				CODE_SIGN_STYLE = Automatic;
				DEVELOPMENT_TEAM = E53J4346HQ;
				INFOPLIST_FILE = DesignPatternTests/Info.plist;
				IPHONEOS_DEPLOYMENT_TARGET = 14.4;
				LD_RUNPATH_SEARCH_PATHS = (
					"$(inherited)",
					"@executable_path/Frameworks",
					"@loader_path/Frameworks",
				);
				PRODUCT_BUNDLE_IDENTIFIER = com.cozzin.DesignPatternTests;
				PRODUCT_NAME = "$(TARGET_NAME)";
				SWIFT_VERSION = 5.0;
				TARGETED_DEVICE_FAMILY = "1,2";
				TEST_HOST = "$(BUILT_PRODUCTS_DIR)/DesignPattern.app/DesignPattern";
			};
			name = Debug;
		};
		CEC7FE56263F0E3500616CD8 /* Release */ = {
			isa = XCBuildConfiguration;
			buildSettings = {
				ALWAYS_EMBED_SWIFT_STANDARD_LIBRARIES = YES;
				BUNDLE_LOADER = "$(TEST_HOST)";
				CODE_SIGN_STYLE = Automatic;
				DEVELOPMENT_TEAM = E53J4346HQ;
				INFOPLIST_FILE = DesignPatternTests/Info.plist;
				IPHONEOS_DEPLOYMENT_TARGET = 14.4;
				LD_RUNPATH_SEARCH_PATHS = (
					"$(inherited)",
					"@executable_path/Frameworks",
					"@loader_path/Frameworks",
				);
				PRODUCT_BUNDLE_IDENTIFIER = com.cozzin.DesignPatternTests;
				PRODUCT_NAME = "$(TARGET_NAME)";
				SWIFT_VERSION = 5.0;
				TARGETED_DEVICE_FAMILY = "1,2";
				TEST_HOST = "$(BUILT_PRODUCTS_DIR)/DesignPattern.app/DesignPattern";
			};
			name = Release;
		};
/* End XCBuildConfiguration section */

/* Begin XCConfigurationList section */
		CEC7FE22263F0E3400616CD8 /* Build configuration list for PBXProject "DesignPattern" */ = {
			isa = XCConfigurationList;
			buildConfigurations = (
				CEC7FE4F263F0E3500616CD8 /* Debug */,
				CEC7FE50263F0E3500616CD8 /* Release */,
			);
			defaultConfigurationIsVisible = 0;
			defaultConfigurationName = Release;
		};
		CEC7FE51263F0E3500616CD8 /* Build configuration list for PBXNativeTarget "DesignPattern" */ = {
			isa = XCConfigurationList;
			buildConfigurations = (
				CEC7FE52263F0E3500616CD8 /* Debug */,
				CEC7FE53263F0E3500616CD8 /* Release */,
			);
			defaultConfigurationIsVisible = 0;
			defaultConfigurationName = Release;
		};
		CEC7FE54263F0E3500616CD8 /* Build configuration list for PBXNativeTarget "DesignPatternTests" */ = {
			isa = XCConfigurationList;
			buildConfigurations = (
				CEC7FE55263F0E3500616CD8 /* Debug */,
				CEC7FE56263F0E3500616CD8 /* Release */,
			);
			defaultConfigurationIsVisible = 0;
			defaultConfigurationName = Release;
		};
/* End XCConfigurationList section */
	};
	rootObject = CEC7FE1F263F0E3400616CD8 /* Project object */;
}
